
Microsoft Visual Studio Solution File, Format Version 12.00
# Visual Studio Version 17
VisualStudioVersion = 17.1.32228.430
MinimumVisualStudioVersion = 10.0.40219.1
Project("{9A19103F-16F7-4668-BE54-9A1E7A4F7556}") = "SangServerTool", "SangServerTool\SangServerTool.csproj", "{E65ECACB-940B-4317-81D7-47BAFE201651}"
EndProject
Project("{FAE04EC0-301F-11D3-BF4B-00C04F79EFBC}") = "TestTool", "TestTool\TestTool.csproj", "{461589CE-36C8-43DB-BD22-1305411E5360}"
EndProject
Global
	GlobalSection(SolutionConfigurationPlatforms) = preSolution
		Debug|Any CPU = Debug|Any CPU
		Release|Any CPU = Release|Any CPU
	EndGlobalSection
	GlobalSection(ProjectConfigurationPlatforms) = postSolution
		{E65ECACB-940B-4317-81D7-47BAFE201651}.Debug|Any CPU.ActiveCfg = Debug|Any CPU
		{E65ECACB-940B-4317-81D7-47BAFE201651}.Debug|Any CPU.Build.0 = Debug|Any CPU
		{E65ECACB-940B-4317-81D7-47BAFE201651}.Release|Any CPU.ActiveCfg = Release|Any CPU
		{E65ECACB-940B-4317-81D7-47BAFE201651}.Release|Any CPU.Build.0 = Release|Any CPU
		{461589CE-36C8-43DB-BD22-1305411E5360}.Debug|Any CPU.ActiveCfg = Debug|Any CPU
		{461589CE-36C8-43DB-BD22-1305411E5360}.Debug|Any CPU.Build.0 = Debug|Any CPU
		{461589CE-36C8-43DB-BD22-1305411E5360}.Release|Any CPU.ActiveCfg = Release|Any CPU
		{461589CE-36C8-43DB-BD22-1305411E5360}.Release|Any CPU.Build.0 = Release|Any CPU
	EndGlobalSection
	GlobalSection(SolutionProperties) = preSolution
		HideSolutionNode = FALSE
	EndGlobalSection
	GlobalSection(ExtensibilityGlobals) = postSolution
		SolutionGuid = {FCDE4DBF-D192-428A-B7F4-4743AF6A8DC2}
	EndGlobalSection
EndGlobal
